{
  "lockfileVersion": 1,
  "configVersion": 1,
  "workspaces": {
    "": {
      "name": "@mcp-refcache/monorepo",
      "devDependencies": {
        "@types/bun": "latest",
        "lefthook": "^2.1.1",
        "typescript": "^5.7.0",
      },
    },
    "packages/typescript": {
      "name": "mcp-refcache",
      "version": "0.1.0",
      "dependencies": {
        "js-tiktoken": "^1.0.21",
        "zod": "^3.24.0",
      },
      "devDependencies": {
        "@types/bun": "latest",
        "typescript": "^5.7.0",
      },
      "peerDependencies": {
        "fastmcp": ">=1.27.0",
      },
      "optionalPeers": [
        "fastmcp",
      ],
    },
  },
  "packages": {
    "@types/bun": ["@types/bun@1.3.9", "", { "dependencies": { "bun-types": "1.3.9" } }, "sha512-KQ571yULOdWJiMH+RIWIOZ7B2RXQGpL1YQrBtLIV3FqDcCu6FsbFUBwhdKUlCKUpS3PJDsHlJ1QKlpxoVR+xtw=="],

    "@types/node": ["@types/node@25.2.3", "", { "dependencies": { "undici-types": "~7.16.0" } }, "sha512-m0jEgYlYz+mDJZ2+F4v8D1AyQb+QzsNqRuI7xg1VQX/KlKS0qT9r1Mo16yo5F/MtifXFgaofIFsdFMox2SxIbQ=="],

    "base64-js": ["base64-js@1.5.1", "", {}, "sha512-AKpaYlHn8t4SVbOHCy+b5+KKgvR4vrsD8vbvrbiQJps7fKDTkjkDry6ji0rUJjC0kzbNePLwzxq8iypo41qeWA=="],

    "bun-types": ["bun-types@1.3.9", "", { "dependencies": { "@types/node": "*" } }, "sha512-+UBWWOakIP4Tswh0Bt0QD0alpTY8cb5hvgiYeWCMet9YukHbzuruIEeXC2D7nMJPB12kbh8C7XJykSexEqGKJg=="],

    "js-tiktoken": ["js-tiktoken@1.0.21", "", { "dependencies": { "base64-js": "^1.5.1" } }, "sha512-biOj/6M5qdgx5TKjDnFT1ymSpM5tbd3ylwDtrQvFQSu0Z7bBYko2dF+W/aUkXUPuk6IVpRxk/3Q2sHOzGlS36g=="],

    "lefthook": ["lefthook@2.1.1", "", { "optionalDependencies": { "lefthook-darwin-arm64": "2.1.1", "lefthook-darwin-x64": "2.1.1", "lefthook-freebsd-arm64": "2.1.1", "lefthook-freebsd-x64": "2.1.1", "lefthook-linux-arm64": "2.1.1", "lefthook-linux-x64": "2.1.1", "lefthook-openbsd-arm64": "2.1.1", "lefthook-openbsd-x64": "2.1.1", "lefthook-windows-arm64": "2.1.1", "lefthook-windows-x64": "2.1.1" }, "bin": { "lefthook": "bin/index.js" } }, "sha512-Tl9h9c+sG3ShzTHKuR3LAIblnnh+Mgxnm2Ul7yu9cu260Z27LEbO3V6Zw4YZFP59/2rlD42pt/llYsQCkkCFzw=="],

    "lefthook-darwin-arm64": ["lefthook-darwin-arm64@2.1.1", "", { "os": "darwin", "cpu": "arm64" }, "sha512-O/RS1j03/Fnq5zCzEb2r7UOBsqPeBuf1C5pMkIJcO4TSE6hf3rhLUkcorKc2M5ni/n5zLGtzQUXHV08/fSAT3Q=="],

    "lefthook-darwin-x64": ["lefthook-darwin-x64@2.1.1", "", { "os": "darwin", "cpu": "x64" }, "sha512-mm/kdKl81ROPoYnj9XYk5JDqj+/6Al8w/SSPDfhItkLJyl4pqS+hWUOP6gDGrnuRk8S0DvJ2+hzhnDsQnZohWQ=="],

    "lefthook-freebsd-arm64": ["lefthook-freebsd-arm64@2.1.1", "", { "os": "freebsd", "cpu": "arm64" }, "sha512-F7JXlKmjxGqGbCWPLND0bVB4DMQezIe48pEwTlUQZbxh450c2gP5Q8FdttMZKOT163kBGGTqJAJSEC6zW+QSxA=="],

    "lefthook-freebsd-x64": ["lefthook-freebsd-x64@2.1.1", "", { "os": "freebsd", "cpu": "x64" }, "sha512-Po8/lJMqNzKSZPuEI46dLuWoBoXtAxCuRpeOh6DAV/M4RhBynaCu8rLMZ9BqF7cVbZEWoplOmYo6HdOuiYpCkQ=="],

    "lefthook-linux-arm64": ["lefthook-linux-arm64@2.1.1", "", { "os": "linux", "cpu": "arm64" }, "sha512-mI2ljFgPEqHxI8vrN9nKgnVu63Rz1KisDbPwlvs7BTYNwq3sncdK5ukpGR4zzWdh6saNJ5tCtHEtep5GQI11nw=="],

    "lefthook-linux-x64": ["lefthook-linux-x64@2.1.1", "", { "os": "linux", "cpu": "x64" }, "sha512-m3G/FaxC+crxeg9XeaUuHfEoL+i9gbkg2Hp2KD2IcVVIxprqlyqf0Hb8zbLV2NMXuo5RSGokJu44oAoTO3Ou2g=="],

    "lefthook-openbsd-arm64": ["lefthook-openbsd-arm64@2.1.1", "", { "os": "openbsd", "cpu": "arm64" }, "sha512-gz/8FJPvhjOdOFt1GmFvuvDOe+W+BBRjoeAT1/mTgkN7HCXMXgqNjjvakQKQeGz1I1v08wXG1ZNf5y+T9XBCDQ=="],

    "lefthook-openbsd-x64": ["lefthook-openbsd-x64@2.1.1", "", { "os": "openbsd", "cpu": "x64" }, "sha512-ch3lyMUtbmtWUufaQVn4IoEs/2hjK51XqaCdY1mh5ca//VctR1peknIwQ5feHu+vATCDviWQ7HsdNDewm3HMPg=="],

    "lefthook-windows-arm64": ["lefthook-windows-arm64@2.1.1", "", { "os": "win32", "cpu": "arm64" }, "sha512-mm3PZhKDs9FE/jQDimkfWxtoj9xQ2k8uw2MdhtC825bhvIh+MEi0WFj/MOW+ug0RBg0I55tGYzZ5aVuozAWpTQ=="],

    "lefthook-windows-x64": ["lefthook-windows-x64@2.1.1", "", { "os": "win32", "cpu": "x64" }, "sha512-1L2oGIzmhfOTxfwbe5mpSQ+m3ilpvGNymwIhn4UHq6hwHsUL6HEhODqx02GfBn6OXpVIr56bvdBAusjL/SVYGQ=="],

    "mcp-refcache": ["mcp-refcache@workspace:packages/typescript"],

    "typescript": ["typescript@5.9.3", "", { "bin": { "tsc": "bin/tsc", "tsserver": "bin/tsserver" } }, "sha512-jl1vZzPDinLr9eUt3J/t7V6FgNEw9QjvBPdysz9KfQDD41fQrC2Y4vKQdiaUpFT4bXlb1RHhLpp8wtm6M5TgSw=="],

    "undici-types": ["undici-types@7.16.0", "", {}, "sha512-Zz+aZWSj8LE6zoxD+xrjh4VfkIG8Ya6LvYkZqtUQGJPZjYl53ypCaUwWqo7eI0x66KBGeRo+mlBEkMSeSZ38Nw=="],

    "zod": ["zod@3.25.76", "", {}, "sha512-gzUt/qt81nXsFGKIFcC3YnfEAx5NkunCfnDlvuBSSFS02bcXu4Lmea0AFIUwbLWxWPx3d9p8S5QoaujKcNQxcQ=="],
  }
}
